
Microsoft Visual Studio Solution File, Format Version 12.00
Project("{FAE04EC0-301F-11D3-BF4B-00C04F79EFBC}") = "laba1.3", "laba1.3\laba1.3.csproj", "{BD62F8E0-CB77-48B8-8FEC-92BCDB59045F}"
EndProject
Global
	GlobalSection(SolutionConfigurationPlatforms) = preSolution
		Debug|Any CPU = Debug|Any CPU
		Release|Any CPU = Release|Any CPU
	EndGlobalSection
	GlobalSection(ProjectConfigurationPlatforms) = postSolution
		{BD62F8E0-CB77-48B8-8FEC-92BCDB59045F}.Debug|Any CPU.ActiveCfg = Debug|Any CPU
		{BD62F8E0-CB77-48B8-8FEC-92BCDB59045F}.Debug|Any CPU.Build.0 = Debug|Any CPU
		{BD62F8E0-CB77-48B8-8FEC-92BCDB59045F}.Release|Any CPU.ActiveCfg = Release|Any CPU
		{BD62F8E0-CB77-48B8-8FEC-92BCDB59045F}.Release|Any CPU.Build.0 = Release|Any CPU
	EndGlobalSection
EndGlobal
